# This file is generated by running "yarn install" inside your project.
# Manual changes might be lost - proceed with caution!

__metadata:
  version: 6
  cacheKey: 8

"server@workspace:.":
  version: 0.0.0-use.local
  resolution: "server@workspace:."
  dependencies:
    vscode-jsonrpc: ^8.2.1
    vscode-languageserver: ^9.0.1
    vscode-languageserver-protocol: ^3.17.5
    vscode-languageserver-textdocument: ^1.0.12
    vscode-languageserver-types: ^3.17.5
    ws: ^8.18.0
  languageName: unknown
  linkType: soft

"vscode-jsonrpc@npm:8.2.0":
  version: 8.2.0
  resolution: "vscode-jsonrpc@npm:8.2.0"
  checksum: f302a01e59272adc1ae6494581fa31c15499f9278df76366e3b97b2236c7c53ebfc71efbace9041cfd2caa7f91675b9e56f2407871a1b3c7f760a2e2ee61484a
  languageName: node
  linkType: hard

"vscode-jsonrpc@npm:^8.2.1":
  version: 8.2.1
  resolution: "vscode-jsonrpc@npm:8.2.1"
  checksum: 2af2c333d73f6587896a7077978b8d4b430e55c674d5dbb90597a84a6647057c1655a3bff398a9b08f1f8ba57dbd2deabf05164315829c297b0debba3b8bc19e
  languageName: node
  linkType: hard

"vscode-languageserver-protocol@npm:3.17.5, vscode-languageserver-protocol@npm:^3.17.5":
  version: 3.17.5
  resolution: "vscode-languageserver-protocol@npm:3.17.5"
  dependencies:
    vscode-jsonrpc: 8.2.0
    vscode-languageserver-types: 3.17.5
  checksum: dfb42d276df5dfea728267885b99872ecff62f6c20448b8539fae71bb196b420f5351c5aca7c1047bf8fb1f89fa94a961dce2bc5bf7e726198f4be0bb86a1e71
  languageName: node
  linkType: hard

"vscode-languageserver-textdocument@npm:^1.0.12":
  version: 1.0.12
  resolution: "vscode-languageserver-textdocument@npm:1.0.12"
  checksum: 49415c8f065860693fdd6cb0f7b8a24470130dc941e887a396b6e6bbae93be132323a644aa1edd7d0eec38a730e05a2d013aebff6bddd30c5af374ef3f4cd9ab
  languageName: node
  linkType: hard

"vscode-languageserver-types@npm:3.17.5, vscode-languageserver-types@npm:^3.17.5":
  version: 3.17.5
  resolution: "vscode-languageserver-types@npm:3.17.5"
  checksum: 79b420e7576398d396579ca3a461c9ed70e78db4403cd28bbdf4d3ed2b66a2b4114031172e51fad49f0baa60a2180132d7cb2ea35aa3157d7af3c325528210ac
  languageName: node
  linkType: hard

"vscode-languageserver@npm:^9.0.1":
  version: 9.0.1
  resolution: "vscode-languageserver@npm:9.0.1"
  dependencies:
    vscode-languageserver-protocol: 3.17.5
  bin:
    installServerIntoExtension: bin/installServerIntoExtension
  checksum: 8b7dfda47fb64c3f48a9dabd3f01938cc8d39f3f068f1ee586eaf0a373536180a1047bdde8d876f965cfc04160d1587e99828b61b742b0342595fee67c8814ea
  languageName: node
  linkType: hard

"ws@npm:^8.18.0":
  version: 8.18.0
  resolution: "ws@npm:8.18.0"
  peerDependencies:
    bufferutil: ^4.0.1
    utf-8-validate: ">=5.0.2"
  peerDependenciesMeta:
    bufferutil:
      optional: true
    utf-8-validate:
      optional: true
  checksum: 91d4d35bc99ff6df483bdf029b9ea4bfd7af1f16fc91231a96777a63d263e1eabf486e13a2353970efc534f9faa43bdbf9ee76525af22f4752cbc5ebda333975
  languageName: node
  linkType: hard
